<?xml version="1.0" encoding="utf-8"?>
<Project ToolsVersion="4.0" xmlns="http://schemas.microsoft.com/developer/msbuild/2003">
  <ItemGroup>
    <Filter Include="Ettin">
      <UniqueIdentifier>{4932210D-B546-49BE-7EC8-EC1DEA9B45EF}</UniqueIdentifier>
    </Filter>
  </ItemGroup>
  <ItemGroup>
    <ClInclude Include="src\Etpch.h" />
    <ClInclude Include="src\Ettin.h" />
    <ClInclude Include="src\Ettin\Application.h">
      <Filter>Ettin</Filter>
    </ClInclude>
    <ClInclude Include="src\Ettin\Core.h">
      <Filter>Ettin</Filter>
    </ClInclude>
    <ClInclude Include="src\Ettin\EntryPoint.h">
      <Filter>Ettin</Filter>
    </ClInclude>
    <ClInclude Include="src\Ettin\Log.h">
      <Filter>Ettin</Filter>
    </ClInclude>
    <ClInclude Include="src\Event\Event.h" />
    <ClInclude Include="src\Event\KeyEvent.h" />
    <ClInclude Include="src\Event\MouseEvent.h" />
    <ClInclude Include="src\Ettin\Window.h" />
    <ClInclude Include="src\Ettin\Platform\WindowsWindow.h" />
  </ItemGroup>
  <ItemGroup>
    <ClCompile Include="src\Etpch.cpp" />
    <ClCompile Include="src\Ettin\Application.cpp">
      <Filter>Ettin</Filter>
    </ClCompile>
    <ClCompile Include="src\Ettin\Log.cpp">
      <Filter>Ettin</Filter>
    </ClCompile>
    <ClCompile Include="src\Event\Event.cpp" />
    <ClCompile Include="src\Event\KeyEvent.cpp" />
    <ClCompile Include="src\Event\MouseEvent.cpp" />
    <ClCompile Include="src\Ettin\Window.cpp" />
    <ClCompile Include="src\Ettin\Platform\WindowsWindow.cpp" />
  </ItemGroup>
</Project>